
Microsoft Visual Studio Solution File, Format Version 12.00
# Visual Studio 14
VisualStudioVersion = 14.0.25420.1
MinimumVisualStudioVersion = 10.0.40219.1
Project("{FAE04EC0-301F-11D3-BF4B-00C04F79EFBC}") = "Stress", "Stress\Stress.csproj", "{1EF8A26C-A5AA-4977-9775-11DFFB2BF0CF}"
EndProject
Project("{FAE04EC0-301F-11D3-BF4B-00C04F79EFBC}") = "StressTests", "StressTests\StressTests.csproj", "{8523A53D-7013-4C2C-9F31-3C6551FC877C}"
EndProject
Global
	GlobalSection(SolutionConfigurationPlatforms) = preSolution
		Debug|Any CPU = Debug|Any CPU
		Release|Any CPU = Release|Any CPU
	EndGlobalSection
	GlobalSection(ProjectConfigurationPlatforms) = postSolution
		{1EF8A26C-A5AA-4977-9775-11DFFB2BF0CF}.Debug|Any CPU.ActiveCfg = Debug|Any CPU
		{1EF8A26C-A5AA-4977-9775-11DFFB2BF0CF}.Debug|Any CPU.Build.0 = Debug|Any CPU
		{1EF8A26C-A5AA-4977-9775-11DFFB2BF0CF}.Release|Any CPU.ActiveCfg = Release|Any CPU
		{1EF8A26C-A5AA-4977-9775-11DFFB2BF0CF}.Release|Any CPU.Build.0 = Release|Any CPU
		{8523A53D-7013-4C2C-9F31-3C6551FC877C}.Debug|Any CPU.ActiveCfg = Debug|Any CPU
		{8523A53D-7013-4C2C-9F31-3C6551FC877C}.Debug|Any CPU.Build.0 = Debug|Any CPU
		{8523A53D-7013-4C2C-9F31-3C6551FC877C}.Release|Any CPU.ActiveCfg = Release|Any CPU
		{8523A53D-7013-4C2C-9F31-3C6551FC877C}.Release|Any CPU.Build.0 = Release|Any CPU
	EndGlobalSection
	GlobalSection(SolutionProperties) = preSolution
		HideSolutionNode = FALSE
	EndGlobalSection
EndGlobal
